
Microsoft Visual Studio Solution File, Format Version 12.00
# Visual Studio Version 17
VisualStudioVersion = 17.8.34330.188
MinimumVisualStudioVersion = 10.0.40219.1
Project("{FAE04EC0-301F-11D3-BF4B-00C04F79EFBC}") = "mf-dv-backend-2023", "mf-dv-backend-2023\mf-dv-backend-2023.csproj", "{FA8544C1-8E64-4207-8770-011596BB95C0}"
EndProject
Global
	GlobalSection(SolutionConfigurationPlatforms) = preSolution
		Debug|Any CPU = Debug|Any CPU
		Release|Any CPU = Release|Any CPU
	EndGlobalSection
	GlobalSection(ProjectConfigurationPlatforms) = postSolution
		{FA8544C1-8E64-4207-8770-011596BB95C0}.Debug|Any CPU.ActiveCfg = Debug|Any CPU
		{FA8544C1-8E64-4207-8770-011596BB95C0}.Debug|Any CPU.Build.0 = Debug|Any CPU
		{FA8544C1-8E64-4207-8770-011596BB95C0}.Release|Any CPU.ActiveCfg = Release|Any CPU
		{FA8544C1-8E64-4207-8770-011596BB95C0}.Release|Any CPU.Build.0 = Release|Any CPU
	EndGlobalSection
	GlobalSection(SolutionProperties) = preSolution
		HideSolutionNode = FALSE
	EndGlobalSection
	GlobalSection(ExtensibilityGlobals) = postSolution
		SolutionGuid = {E60CFE5D-132A-44AC-AE3A-E1F3B981CBC3}
	EndGlobalSection
EndGlobal
